
Microsoft Visual Studio Solution File, Format Version 12.00
# Visual Studio Version 17
VisualStudioVersion = 17.7.34031.279
MinimumVisualStudioVersion = 10.0.40219.1
Project("{FAE04EC0-301F-11D3-BF4B-00C04F79EFBC}") = "CMDEditor", "CMDEditor.csproj", "{F05F1C68-40CC-40FC-8940-E11B5C5B1533}"
EndProject
Global
	GlobalSection(SolutionConfigurationPlatforms) = preSolution
		Debug|Any CPU = Debug|Any CPU
		Release|Any CPU = Release|Any CPU
	EndGlobalSection
	GlobalSection(ProjectConfigurationPlatforms) = postSolution
		{F05F1C68-40CC-40FC-8940-E11B5C5B1533}.Debug|Any CPU.ActiveCfg = Debug|Any CPU
		{F05F1C68-40CC-40FC-8940-E11B5C5B1533}.Debug|Any CPU.Build.0 = Debug|Any CPU
		{F05F1C68-40CC-40FC-8940-E11B5C5B1533}.Release|Any CPU.ActiveCfg = Release|Any CPU
		{F05F1C68-40CC-40FC-8940-E11B5C5B1533}.Release|Any CPU.Build.0 = Release|Any CPU
	EndGlobalSection
	GlobalSection(SolutionProperties) = preSolution
		HideSolutionNode = FALSE
	EndGlobalSection
	GlobalSection(ExtensibilityGlobals) = postSolution
		SolutionGuid = {91B1DE8C-A59D-4FCE-8C22-8F5A27144CE5}
	EndGlobalSection
EndGlobal
